
Microsoft Visual Studio Solution File, Format Version 12.00
Project("{2150E333-8FDC-42A3-9474-1A3956D46DE8}") = "src", "src", "{CE0CEC2D-34A0-41A2-9967-581F509BBB24}"
EndProject
Project("{2150E333-8FDC-42A3-9474-1A3956D46DE8}") = "infra", "infra", "{41AD3167-14D9-45A7-B92C-DA341FE48560}"
EndProject
Project("{2150E333-8FDC-42A3-9474-1A3956D46DE8}") = "terraform", "terraform", "{70233444-0482-4EF1-8893-B9DD62D0C6BC}"
	ProjectSection(SolutionItems) = preProject
		infra\terraform\main.tf = infra\terraform\main.tf
		infra\terraform\variables.tf = infra\terraform\variables.tf
		infra\terraform\terraform.tfvars = infra\terraform\terraform.tfvars
	EndProjectSection
EndProject
Project("{2150E333-8FDC-42A3-9474-1A3956D46DE8}") = "apphost", "apphost", "{665619A4-E581-4CC0-A92B-CA123E5C1056}"
EndProject
Project("{FAE04EC0-301F-11D3-BF4B-00C04F79EFBC}") = "GoingGreen.AppHost", "apphost\GoingGreen.AppHost\GoingGreen.AppHost.csproj", "{67DBB4BA-A8FA-4E74-AE51-BEDAFAAAF661}"
EndProject
Project("{2150E333-8FDC-42A3-9474-1A3956D46DE8}") = "Customer", "Customer", "{199203B2-5318-427A-BD66-3F5B19BA4C04}"
EndProject
Project("{2150E333-8FDC-42A3-9474-1A3956D46DE8}") = "DeviceRegistry", "DeviceRegistry", "{2FE24632-23CF-4ECC-9BF4-3B7E12CEEC20}"
EndProject
Project("{2150E333-8FDC-42A3-9474-1A3956D46DE8}") = "Shipping", "Shipping", "{771C9A28-97A1-469A-AF0F-936426752DF0}"
EndProject
Project("{2150E333-8FDC-42A3-9474-1A3956D46DE8}") = "Quote", "Quote", "{3329B9D0-8371-4499-8F92-EF61BBCAA84F}"
EndProject
Project("{2150E333-8FDC-42A3-9474-1A3956D46DE8}") = "Payment", "Payment", "{AFABF5FC-DCBD-4644-AB2B-A5264B2FA66E}"
EndProject
Project("{FAE04EC0-301F-11D3-BF4B-00C04F79EFBC}") = "GoingGreen.Customer.API", "..\src\Customer\GoingGreen.Customer.API\GoingGreen.Customer.API.csproj", "{65AB8EAF-6A25-404B-8B3A-CFE9C5E584CB}"
EndProject
Project("{FAE04EC0-301F-11D3-BF4B-00C04F79EFBC}") = "GoingGreen.DeviceRegistry.API", "src\DeviceRegistry\GoingGreen.DeviceRegistry.API\GoingGreen.DeviceRegistry.API.csproj", "{0B7C5E05-0F71-4EE0-994D-1D6E548CCC7A}"
EndProject
Project("{FAE04EC0-301F-11D3-BF4B-00C04F79EFBC}") = "GoingGreen.Payment.API", "src\Payment\GoingGreen.Payment.API\GoingGreen.Payment.API.csproj", "{56CA1618-D631-4D48-BCDB-4560591B11BD}"
EndProject
Project("{FAE04EC0-301F-11D3-BF4B-00C04F79EFBC}") = "GoingGreen.Quote.API", "src\Quote\GoingGreen.Quote.API\GoingGreen.Quote.API.csproj", "{7E45F360-53AF-404A-8CD8-AD74DCA8416D}"
EndProject
Project("{FAE04EC0-301F-11D3-BF4B-00C04F79EFBC}") = "GoingGreen.Shipping.API", "src\Shipping\GoingGreen.Shipping.API\GoingGreen.Shipping.API.csproj", "{10AEE487-C213-4391-95DE-7CB3E9CF7644}"
EndProject
Project("{2150E333-8FDC-42A3-9474-1A3956D46DE8}") = "Common", "Common", "{7C088BD9-D467-476F-9AC8-58AD6F5B00CC}"
EndProject
Project("{FAE04EC0-301F-11D3-BF4B-00C04F79EFBC}") = "GoingGreen.ServiceDefaults", "src\Common\GoingGreen.ServiceDefaults\GoingGreen.ServiceDefaults.csproj", "{6CAA071A-DD9D-4D42-ACAF-1CD57EC4A29F}"
EndProject
Project("{2150E333-8FDC-42A3-9474-1A3956D46DE8}") = "postgresql", "postgresql", "{D4539C30-C5D5-464C-BD7A-B93D67966833}"
	ProjectSection(SolutionItems) = preProject
		infra\terraform\modules\postgresql\main.tf = infra\terraform\modules\postgresql\main.tf
		infra\terraform\modules\postgresql\variables.tf = infra\terraform\modules\postgresql\variables.tf
		infra\terraform\modules\postgresql\outputs.tf = infra\terraform\modules\postgresql\outputs.tf
	EndProjectSection
EndProject
Project("{2150E333-8FDC-42A3-9474-1A3956D46DE8}") = "modules", "modules", "{671F6661-E670-42BF-B55A-34E7540052CD}"
EndProject
Global
	GlobalSection(SolutionConfigurationPlatforms) = preSolution
		Debug|Any CPU = Debug|Any CPU
		Release|Any CPU = Release|Any CPU
	EndGlobalSection
	GlobalSection(NestedProjects) = preSolution
		{70233444-0482-4EF1-8893-B9DD62D0C6BC} = {41AD3167-14D9-45A7-B92C-DA341FE48560}
		{67DBB4BA-A8FA-4E74-AE51-BEDAFAAAF661} = {665619A4-E581-4CC0-A92B-CA123E5C1056}
		{199203B2-5318-427A-BD66-3F5B19BA4C04} = {CE0CEC2D-34A0-41A2-9967-581F509BBB24}
		{2FE24632-23CF-4ECC-9BF4-3B7E12CEEC20} = {CE0CEC2D-34A0-41A2-9967-581F509BBB24}
		{771C9A28-97A1-469A-AF0F-936426752DF0} = {CE0CEC2D-34A0-41A2-9967-581F509BBB24}
		{3329B9D0-8371-4499-8F92-EF61BBCAA84F} = {CE0CEC2D-34A0-41A2-9967-581F509BBB24}
		{AFABF5FC-DCBD-4644-AB2B-A5264B2FA66E} = {CE0CEC2D-34A0-41A2-9967-581F509BBB24}
		{65AB8EAF-6A25-404B-8B3A-CFE9C5E584CB} = {199203B2-5318-427A-BD66-3F5B19BA4C04}
		{0B7C5E05-0F71-4EE0-994D-1D6E548CCC7A} = {2FE24632-23CF-4ECC-9BF4-3B7E12CEEC20}
		{56CA1618-D631-4D48-BCDB-4560591B11BD} = {AFABF5FC-DCBD-4644-AB2B-A5264B2FA66E}
		{7E45F360-53AF-404A-8CD8-AD74DCA8416D} = {3329B9D0-8371-4499-8F92-EF61BBCAA84F}
		{10AEE487-C213-4391-95DE-7CB3E9CF7644} = {771C9A28-97A1-469A-AF0F-936426752DF0}
		{7C088BD9-D467-476F-9AC8-58AD6F5B00CC} = {CE0CEC2D-34A0-41A2-9967-581F509BBB24}
		{6CAA071A-DD9D-4D42-ACAF-1CD57EC4A29F} = {7C088BD9-D467-476F-9AC8-58AD6F5B00CC}
		{671F6661-E670-42BF-B55A-34E7540052CD} = {70233444-0482-4EF1-8893-B9DD62D0C6BC}
		{D4539C30-C5D5-464C-BD7A-B93D67966833} = {671F6661-E670-42BF-B55A-34E7540052CD}
	EndGlobalSection
	GlobalSection(ProjectConfigurationPlatforms) = postSolution
		{67DBB4BA-A8FA-4E74-AE51-BEDAFAAAF661}.Debug|Any CPU.ActiveCfg = Debug|Any CPU
		{67DBB4BA-A8FA-4E74-AE51-BEDAFAAAF661}.Debug|Any CPU.Build.0 = Debug|Any CPU
		{67DBB4BA-A8FA-4E74-AE51-BEDAFAAAF661}.Release|Any CPU.ActiveCfg = Release|Any CPU
		{67DBB4BA-A8FA-4E74-AE51-BEDAFAAAF661}.Release|Any CPU.Build.0 = Release|Any CPU
		{65AB8EAF-6A25-404B-8B3A-CFE9C5E584CB}.Debug|Any CPU.ActiveCfg = Debug|Any CPU
		{65AB8EAF-6A25-404B-8B3A-CFE9C5E584CB}.Debug|Any CPU.Build.0 = Debug|Any CPU
		{65AB8EAF-6A25-404B-8B3A-CFE9C5E584CB}.Release|Any CPU.ActiveCfg = Release|Any CPU
		{65AB8EAF-6A25-404B-8B3A-CFE9C5E584CB}.Release|Any CPU.Build.0 = Release|Any CPU
		{0B7C5E05-0F71-4EE0-994D-1D6E548CCC7A}.Debug|Any CPU.ActiveCfg = Debug|Any CPU
		{0B7C5E05-0F71-4EE0-994D-1D6E548CCC7A}.Debug|Any CPU.Build.0 = Debug|Any CPU
		{0B7C5E05-0F71-4EE0-994D-1D6E548CCC7A}.Release|Any CPU.ActiveCfg = Release|Any CPU
		{0B7C5E05-0F71-4EE0-994D-1D6E548CCC7A}.Release|Any CPU.Build.0 = Release|Any CPU
		{56CA1618-D631-4D48-BCDB-4560591B11BD}.Debug|Any CPU.ActiveCfg = Debug|Any CPU
		{56CA1618-D631-4D48-BCDB-4560591B11BD}.Debug|Any CPU.Build.0 = Debug|Any CPU
		{56CA1618-D631-4D48-BCDB-4560591B11BD}.Release|Any CPU.ActiveCfg = Release|Any CPU
		{56CA1618-D631-4D48-BCDB-4560591B11BD}.Release|Any CPU.Build.0 = Release|Any CPU
		{7E45F360-53AF-404A-8CD8-AD74DCA8416D}.Debug|Any CPU.ActiveCfg = Debug|Any CPU
		{7E45F360-53AF-404A-8CD8-AD74DCA8416D}.Debug|Any CPU.Build.0 = Debug|Any CPU
		{7E45F360-53AF-404A-8CD8-AD74DCA8416D}.Release|Any CPU.ActiveCfg = Release|Any CPU
		{7E45F360-53AF-404A-8CD8-AD74DCA8416D}.Release|Any CPU.Build.0 = Release|Any CPU
		{10AEE487-C213-4391-95DE-7CB3E9CF7644}.Debug|Any CPU.ActiveCfg = Debug|Any CPU
		{10AEE487-C213-4391-95DE-7CB3E9CF7644}.Debug|Any CPU.Build.0 = Debug|Any CPU
		{10AEE487-C213-4391-95DE-7CB3E9CF7644}.Release|Any CPU.ActiveCfg = Release|Any CPU
		{10AEE487-C213-4391-95DE-7CB3E9CF7644}.Release|Any CPU.Build.0 = Release|Any CPU
		{6CAA071A-DD9D-4D42-ACAF-1CD57EC4A29F}.Debug|Any CPU.ActiveCfg = Debug|Any CPU
		{6CAA071A-DD9D-4D42-ACAF-1CD57EC4A29F}.Debug|Any CPU.Build.0 = Debug|Any CPU
		{6CAA071A-DD9D-4D42-ACAF-1CD57EC4A29F}.Release|Any CPU.ActiveCfg = Release|Any CPU
		{6CAA071A-DD9D-4D42-ACAF-1CD57EC4A29F}.Release|Any CPU.Build.0 = Release|Any CPU
	EndGlobalSection
EndGlobal
